
Microsoft Visual Studio Solution File, Format Version 12.00
# Visual Studio Version 17
VisualStudioVersion = 17.8.34525.116
MinimumVisualStudioVersion = 10.0.40219.1
Project("{FAE04EC0-301F-11D3-BF4B-00C04F79EFBC}") = "Virtual_Pet_Simulator", "Virtual_Pet_Simulator\Virtual_Pet_Simulator.csproj", "{246DB533-0B31-43D6-A5A5-444429431B59}"
EndProject
Global
	GlobalSection(SolutionConfigurationPlatforms) = preSolution
		Debug|Any CPU = Debug|Any CPU
		Release|Any CPU = Release|Any CPU
	EndGlobalSection
	GlobalSection(ProjectConfigurationPlatforms) = postSolution
		{246DB533-0B31-43D6-A5A5-444429431B59}.Debug|Any CPU.ActiveCfg = Debug|Any CPU
		{246DB533-0B31-43D6-A5A5-444429431B59}.Debug|Any CPU.Build.0 = Debug|Any CPU
		{246DB533-0B31-43D6-A5A5-444429431B59}.Release|Any CPU.ActiveCfg = Release|Any CPU
		{246DB533-0B31-43D6-A5A5-444429431B59}.Release|Any CPU.Build.0 = Release|Any CPU
	EndGlobalSection
	GlobalSection(SolutionProperties) = preSolution
		HideSolutionNode = FALSE
	EndGlobalSection
	GlobalSection(ExtensibilityGlobals) = postSolution
		SolutionGuid = {92E94C82-49AA-415D-934F-A99974FFA211}
	EndGlobalSection
EndGlobal
